
Microsoft Visual Studio Solution File, Format Version 12.00
Project("{FAE04EC0-301F-11D3-BF4B-00C04F79EFBC}") = "ShorraEnisLB_295", "ShorraEnisLB_295\ShorraEnisLB_295.csproj", "{2DA0567A-F70C-4D29-B7AB-12C69A8A4F75}"
EndProject
Global
	GlobalSection(SolutionConfigurationPlatforms) = preSolution
		Debug|Any CPU = Debug|Any CPU
		Release|Any CPU = Release|Any CPU
	EndGlobalSection
	GlobalSection(ProjectConfigurationPlatforms) = postSolution
		{2DA0567A-F70C-4D29-B7AB-12C69A8A4F75}.Debug|Any CPU.ActiveCfg = Debug|Any CPU
		{2DA0567A-F70C-4D29-B7AB-12C69A8A4F75}.Debug|Any CPU.Build.0 = Debug|Any CPU
		{2DA0567A-F70C-4D29-B7AB-12C69A8A4F75}.Release|Any CPU.ActiveCfg = Release|Any CPU
		{2DA0567A-F70C-4D29-B7AB-12C69A8A4F75}.Release|Any CPU.Build.0 = Release|Any CPU
	EndGlobalSection
EndGlobal
